DEPENDENCIES
  homebrew
  osxdefaults
    git: https://github.com/wfarr/chef-osxdefaults
    revision: a701fba7bc358b3e66f0af15728687f2701ec6e5
    ref: a701fba

GRAPH
  build-essential (3.2.0)
    seven_zip (>= 0.0.0)
  chef_handler (1.3.0)
  homebrew (2.1.0)
    build-essential (>= 2.1.2)
  osxdefaults (0.0.1)
  seven_zip (2.0.0)
    windows (>= 1.2.2)
  windows (1.39.2)
    chef_handler (>= 0.0.0)
